
Microsoft Visual Studio Solution File, Format Version 12.00
# Visual Studio Version 17
VisualStudioVersion = 17.10.35027.167
MinimumVisualStudioVersion = 10.0.40219.1
Project("{FAE04EC0-301F-11D3-BF4B-00C04F79EFBC}") = "ManagerPortal", "ManagerPortal.csproj", "{8333AD9F-7ED7-4258-B591-33E3DCA8AF14}"
EndProject
Global
	GlobalSection(SolutionConfigurationPlatforms) = preSolution
		Debug|Any CPU = Debug|Any CPU
		Release|Any CPU = Release|Any CPU
	EndGlobalSection
	GlobalSection(ProjectConfigurationPlatforms) = postSolution
		{8333AD9F-7ED7-4258-B591-33E3DCA8AF14}.Debug|Any CPU.ActiveCfg = Debug|Any CPU
		{8333AD9F-7ED7-4258-B591-33E3DCA8AF14}.Debug|Any CPU.Build.0 = Debug|Any CPU
		{8333AD9F-7ED7-4258-B591-33E3DCA8AF14}.Release|Any CPU.ActiveCfg = Release|Any CPU
		{8333AD9F-7ED7-4258-B591-33E3DCA8AF14}.Release|Any CPU.Build.0 = Release|Any CPU
	EndGlobalSection
	GlobalSection(SolutionProperties) = preSolution
		HideSolutionNode = FALSE
	EndGlobalSection
	GlobalSection(ExtensibilityGlobals) = postSolution
		SolutionGuid = {5E70B7D5-B347-4D8D-9C70-6D50CC402194}
	EndGlobalSection
EndGlobal
